// !$*UTF8*$!
{
	archiveVersion = 1;
	classes = {
	};
	objectVersion = 46;
	objects = {

/* Begin PBXBuildFile section */
		0B2BEC241BC9EFAC0054956B /* AppDelegate.swift in Sources */ = {isa = PBXBuildFile; fileRef = 0B2BEC231BC9EFAC0054956B /* AppDelegate.swift */; };
		0B2BEC261BC9EFAC0054956B /* ViewController.swift in Sources */ = {isa = PBXBuildFile; fileRef = 0B2BEC251BC9EFAC0054956B /* ViewController.swift */; };
		0B2BEC291BC9EFAC0054956B /* Main.storyboard in Resources */ = {isa = PBXBuildFile; fileRef = 0B2BEC271BC9EFAC0054956B /* Main.storyboard */; };
		0B2BEC2C1BC9EFAC0054956B /* catbug.xcdatamodeld in Sources */ = {isa = PBXBuildFile; fileRef = 0B2BEC2A1BC9EFAC0054956B /* catbug.xcdatamodeld */; };
		0B2BEC2E1BC9EFAC0054956B /* Assets.xcassets in Resources */ = {isa = PBXBuildFile; fileRef = 0B2BEC2D1BC9EFAC0054956B /* Assets.xcassets */; };
		0B2BEC311BC9EFAC0054956B /* LaunchScreen.storyboard in Resources */ = {isa = PBXBuildFile; fileRef = 0B2BEC2F1BC9EFAC0054956B /* LaunchScreen.storyboard */; };
/* End PBXBuildFile section */

/* Begin PBXFileReference section */
		0B2BEC201BC9EFAC0054956B /* catbug.app */ = {isa = PBXFileReference; explicitFileType = wrapper.application; includeInIndex = 0; path = catbug.app; sourceTree = BUILT_PRODUCTS_DIR; };
		0B2BEC231BC9EFAC0054956B /* AppDelegate.swift */ = {isa = PBXFileReference; lastKnownFileType = sourcecode.swift; path = AppDelegate.swift; sourceTree = "<group>"; };
		0B2BEC251BC9EFAC0054956B /* ViewController.swift */ = {isa = PBXFileReference; lastKnownFileType = sourcecode.swift; path = ViewController.swift; sourceTree = "<group>"; };
		0B2BEC281BC9EFAC0054956B /* Base */ = {isa = PBXFileReference; lastKnownFileType = file.storyboard; name = Base; path = Base.lproj/Main.storyboard; sourceTree = "<group>"; };
		0B2BEC2B1BC9EFAC0054956B /* catbug.xcdatamodel */ = {isa = PBXFileReference; lastKnownFileType = wrapper.xcdatamodel; path = catbug.xcdatamodel; sourceTree = "<group>"; };
		0B2BEC2D1BC9EFAC0054956B /* Assets.xcassets */ = {isa = PBXFileReference; lastKnownFileType = folder.assetcatalog; path = Assets.xcassets; sourceTree = "<group>"; };
		0B2BEC301BC9EFAC0054956B /* Base */ = {isa = PBXFileReference; lastKnownFileType = file.storyboard; name = Base; path = Base.lproj/LaunchScreen.storyboard; sourceTree = "<group>"; };
		0B2BEC321BC9EFAC0054956B /* Info.plist */ = {isa = PBXFileReference; lastKnownFileType = text.plist.xml; path = Info.plist; sourceTree = "<group>"; };
/* End PBXFileReference section */

/* Begin PBXFrameworksBuildPhase section */
		0B2BEC1D1BC9EFAC0054956B /* Frameworks */ = {
			isa = PBXFrameworksBuildPhase;
			buildActionMask = 2147483647;
			files = (
			);
			runOnlyForDeploymentPostprocessing = 0;
		};
/* End PBXFrameworksBuildPhase section */

/* Begin PBXGroup section */
		0B2BEC171BC9EFAC0054956B = {
			isa = PBXGroup;
			children = (
				0B2BEC221BC9EFAC0054956B /* catbug */,
				0B2BEC211BC9EFAC0054956B /* Products */,
			);
			sourceTree = "<group>";
		};
		0B2BEC211BC9EFAC0054956B /* Products */ = {
			isa = PBXGroup;
			children = (
				0B2BEC201BC9EFAC0054956B /* catbug.app */,
			);
			name = Products;
			sourceTree = "<group>";
		};
		0B2BEC221BC9EFAC0054956B /* catbug */ = {
			isa = PBXGroup;
			children = (
				0B2BEC231BC9EFAC0054956B /* AppDelegate.swift */,
				0B2BEC251BC9EFAC0054956B /* ViewController.swift */,
				0B2BEC271BC9EFAC0054956B /* Main.storyboard */,
				0B2BEC2D1BC9EFAC0054956B /* Assets.xcassets */,
				0B2BEC2F1BC9EFAC0054956B /* LaunchScreen.storyboard */,
				0B2BEC321BC9EFAC0054956B /* Info.plist */,
				0B2BEC2A1BC9EFAC0054956B /* catbug.xcdatamodeld */,
			);
			path = catbug;
			sourceTree = "<group>";
		};
/* End PBXGroup section */

/* Begin PBXNativeTarget section */
		0B2BEC1F1BC9EFAC0054956B /* catbug */ = {
			isa = PBXNativeTarget;
			buildConfigurationList = 0B2BEC351BC9EFAC0054956B /* Build configuration list for PBXNativeTarget "catbug" */;
			buildPhases = (
				0B2BEC1C1BC9EFAC0054956B /* Sources */,
				0B2BEC1D1BC9EFAC0054956B /* Frameworks */,
				0B2BEC1E1BC9EFAC0054956B /* Resources */,
			);
			buildRules = (
			);
			dependencies = (
			);
			name = catbug;
			productName = catbug;
			productReference = 0B2BEC201BC9EFAC0054956B /* catbug.app */;
			productType = "com.apple.product-type.application";
		};
/* End PBXNativeTarget section */

/* Begin PBXProject section */
		0B2BEC181BC9EFAC0054956B /* Project object */ = {
			isa = PBXProject;
			attributes = {
				LastUpgradeCheck = 0700;
				ORGANIZATIONNAME = "Michael Liou";
				TargetAttributes = {
					0B2BEC1F1BC9EFAC0054956B = {
						CreatedOnToolsVersion = 7.0.1;
					};
				};
			};
			buildConfigurationList = 0B2BEC1B1BC9EFAC0054956B /* Build configuration list for PBXProject "catbug" */;
			compatibilityVersion = "Xcode 3.2";
			developmentRegion = English;
			hasScannedForEncodings = 0;
			knownRegions = (
				en,
				Base,
			);
			mainGroup = 0B2BEC171BC9EFAC0054956B;
			productRefGroup = 0B2BEC211BC9EFAC0054956B /* Products */;
			projectDirPath = "";
			projectRoot = "";
			targets = (
				0B2BEC1F1BC9EFAC0054956B /* catbug */,
			);
		};
/* End PBXProject section */

/* Begin PBXResourcesBuildPhase section */
		0B2BEC1E1BC9EFAC0054956B /* Resources */ = {
			isa = PBXResourcesBuildPhase;
			buildActionMask = 2147483647;
			files = (
				0B2BEC311BC9EFAC0054956B /* LaunchScreen.storyboard in Resources */,
				0B2BEC2E1BC9EFAC0054956B /* Assets.xcassets in Resources */,
				0B2BEC291BC9EFAC0054956B /* Main.storyboard in Resources */,
			);
			runOnlyForDeploymentPostprocessing = 0;
		};
/* End PBXResourcesBuildPhase section */

/* Begin PBXSourcesBuildPhase section */
		0B2BEC1C1BC9EFAC0054956B /* Sources */ = {
			isa = PBXSourcesBuildPhase;
			buildActionMask = 2147483647;
			files = (
				0B2BEC261BC9EFAC0054956B /* ViewController.swift in Sources */,
				0B2BEC241BC9EFAC0054956B /* AppDelegate.swift in Sources */,
				0B2BEC2C1BC9EFAC0054956B /* catbug.xcdatamodeld in Sources */,
			);
			runOnlyForDeploymentPostprocessing = 0;
		};
/* End PBXSourcesBuildPhase section */

/* Begin PBXVariantGroup section */
		0B2BEC271BC9EFAC0054956B /* Main.storyboard */ = {
			isa = PBXVariantGroup;
			children = (
				0B2BEC281BC9EFAC0054956B /* Base */,
			);
			name = Main.storyboard;
			sourceTree = "<group>";
		};
		0B2BEC2F1BC9EFAC0054956B /* LaunchScreen.storyboard */ = {
			isa = PBXVariantGroup;
			children = (
				0B2BEC301BC9EFAC0054956B /* Base */,
			);
			name = LaunchScreen.storyboard;
			sourceTree = "<group>";
		};
/* End PBXVariantGroup section */

/* Begin XCBuildConfiguration section */
		0B2BEC331BC9EFAC0054956B /* Debug */ = {
			isa = XCBuildConfiguration;
			buildSettings = {
				ALWAYS_SEARCH_USER_PATHS = NO;
				CLANG_CXX_LANGUAGE_STANDARD = "gnu++0x";
				CLANG_CXX_LIBRARY = "libc++";
				CLANG_ENABLE_MODULES = YES;
				CLANG_ENABLE_OBJC_ARC = YES;
				CLANG_WARN_BOOL_CONVERSION = YES;
				CLANG_WARN_CONSTANT_CONVERSION = YES;
				CLANG_WARN_DIRECT_OBJC_ISA_USAGE = YES_ERROR;
				CLANG_WARN_EMPTY_BODY = YES;
				CLANG_WARN_ENUM_CONVERSION = YES;
				CLANG_WARN_INT_CONVERSION = YES;
				CLANG_WARN_OBJC_ROOT_CLASS = YES_ERROR;
				CLANG_WARN_UNREACHABLE_CODE = YES;
				CLANG_WARN__DUPLICATE_METHOD_MATCH = YES;
				"CODE_SIGN_IDENTITY[sdk=iphoneos*]" = "iPhone Developer";
				COPY_PHASE_STRIP = NO;
				DEBUG_INFORMATION_FORMAT = dwarf;
				ENABLE_STRICT_OBJC_MSGSEND = YES;
				ENABLE_TESTABILITY = YES;
				GCC_C_LANGUAGE_STANDARD = gnu99;
				GCC_DYNAMIC_NO_PIC = NO;
				GCC_NO_COMMON_BLOCKS = YES;
				GCC_OPTIMIZATION_LEVEL = 0;
				GCC_PREPROCESSOR_DEFINITIONS = (
					"DEBUG=1",
					"$(inherited)",
				);
				GCC_WARN_64_TO_32_BIT_CONVERSION = YES;
				GCC_WARN_ABOUT_RETURN_TYPE = YES_ERROR;
				GCC_WARN_UNDECLARED_SELECTOR = YES;
				GCC_WARN_UNINITIALIZED_AUTOS = YES_AGGRESSIVE;
				GCC_WARN_UNUSED_FUNCTION = YES;
				GCC_WARN_UNUSED_VARIABLE = YES;
				IPHONEOS_DEPLOYMENT_TARGET = 9.0;
				MTL_ENABLE_DEBUG_INFO = YES;
				ONLY_ACTIVE_ARCH = YES;
				SDKROOT = iphoneos;
				SWIFT_OPTIMIZATION_LEVEL = "-Onone";
				TARGETED_DEVICE_FAMILY = "1,2";
			};
			name = Debug;
		};
		0B2BEC341BC9EFAC0054956B /* Release */ = {
			isa = XCBuildConfiguration;
			buildSettings = {
				ALWAYS_SEARCH_USER_PATHS = NO;
				CLANG_CXX_LANGUAGE_STANDARD = "gnu++0x";
				CLANG_CXX_LIBRARY = "libc++";
				CLANG_ENABLE_MODULES = YES;
				CLANG_ENABLE_OBJC_ARC = YES;
				CLANG_WARN_BOOL_CONVERSION = YES;
				CLANG_WARN_CONSTANT_CONVERSION = YES;
				CLANG_WARN_DIRECT_OBJC_ISA_USAGE = YES_ERROR;
				CLANG_WARN_EMPTY_BODY = YES;
				CLANG_WARN_ENUM_CONVERSION = YES;
				CLANG_WARN_INT_CONVERSION = YES;
				CLANG_WARN_OBJC_ROOT_CLASS = YES_ERROR;
				CLANG_WARN_UNREACHABLE_CODE = YES;
				CLANG_WARN__DUPLICATE_METHOD_MATCH = YES;
				"CODE_SIGN_IDENTITY[sdk=iphoneos*]" = "iPhone Developer";
				COPY_PHASE_STRIP = NO;
				DEBUG_INFORMATION_FORMAT = "dwarf-with-dsym";
				ENABLE_NS_ASSERTIONS = NO;
				ENABLE_STRICT_OBJC_MSGSEND = YES;
				GCC_C_LANGUAGE_STANDARD = gnu99;
				GCC_NO_COMMON_BLOCKS = YES;
				GCC_WARN_64_TO_32_BIT_CONVERSION = YES;
				GCC_WARN_ABOUT_RETURN_TYPE = YES_ERROR;
				GCC_WARN_UNDECLARED_SELECTOR = YES;
				GCC_WARN_UNINITIALIZED_AUTOS = YES_AGGRESSIVE;
				GCC_WARN_UNUSED_FUNCTION = YES;
				GCC_WARN_UNUSED_VARIABLE = YES;
				IPHONEOS_DEPLOYMENT_TARGET = 9.0;
				MTL_ENABLE_DEBUG_INFO = NO;
				SDKROOT = iphoneos;
				TARGETED_DEVICE_FAMILY = "1,2";
				VALIDATE_PRODUCT = YES;
			};
			name = Release;
		};
		0B2BEC361BC9EFAC0054956B /* Debug */ = {
			isa = XCBuildConfiguration;
			buildSettings = {
				ASSETCATALOG_COMPILER_APPICON_NAME = AppIcon;
				INFOPLIST_FILE = catbug/Info.plist;
				LD_RUNPATH_SEARCH_PATHS = "$(inherited) @executable_path/Frameworks";
				PRODUCT_BUNDLE_IDENTIFIER = com.example.catbug;
				PRODUCT_NAME = "$(TARGET_NAME)";
			};
			name = Debug;
		};
		0B2BEC371BC9EFAC0054956B /* Release */ = {
			isa = XCBuildConfiguration;
			buildSettings = {
				ASSETCATALOG_COMPILER_APPICON_NAME = AppIcon;
				INFOPLIST_FILE = catbug/Info.plist;
				LD_RUNPATH_SEARCH_PATHS = "$(inherited) @executable_path/Frameworks";
				PRODUCT_BUNDLE_IDENTIFIER = com.example.catbug;
				PRODUCT_NAME = "$(TARGET_NAME)";
			};
			name = Release;
		};
/* End XCBuildConfiguration section */

/* Begin XCConfigurationList section */
		0B2BEC1B1BC9EFAC0054956B /* Build configuration list for PBXProject "catbug" */ = {
			isa = XCConfigurationList;
			buildConfigurations = (
				0B2BEC331BC9EFAC0054956B /* Debug */,
				0B2BEC341BC9EFAC0054956B /* Release */,
			);
			defaultConfigurationIsVisible = 0;
			defaultConfigurationName = Release;
		};
		0B2BEC351BC9EFAC0054956B /* Build configuration list for PBXNativeTarget "catbug" */ = {
			isa = XCConfigurationList;
			buildConfigurations = (
				0B2BEC361BC9EFAC0054956B /* Debug */,
				0B2BEC371BC9EFAC0054956B /* Release */,
			);
			defaultConfigurationIsVisible = 0;
		};
/* End XCConfigurationList section */

/* Begin XCVersionGroup section */
		0B2BEC2A1BC9EFAC0054956B /* catbug.xcdatamodeld */ = {
			isa = XCVersionGroup;
			children = (
				0B2BEC2B1BC9EFAC0054956B /* catbug.xcdatamodel */,
			);
			currentVersion = 0B2BEC2B1BC9EFAC0054956B /* catbug.xcdatamodel */;
			path = catbug.xcdatamodeld;
			sourceTree = "<group>";
			versionGroupType = wrapper.xcdatamodel;
		};
/* End XCVersionGroup section */
	};
	rootObject = 0B2BEC181BC9EFAC0054956B /* Project object */;
}
